
Microsoft Visual Studio Solution File, Format Version 12.00
# Visual Studio Version 16
VisualStudioVersion = 16.0.31205.134
MinimumVisualStudioVersion = 10.0.40219.1
Project("{FAE04EC0-301F-11D3-BF4B-00C04F79EFBC}") = "Satisfying Cookie Clicker Clicker", "Satisfying Cookie Clicker Clicker\Satisfying Cookie Clicker Clicker.csproj", "{A9D45EA4-0724-4B2E-AA5D-EFB0ADC97EFD}"
EndProject
Global
	GlobalSection(SolutionConfigurationPlatforms) = preSolution
		Debug|Any CPU = Debug|Any CPU
		Release|Any CPU = Release|Any CPU
	EndGlobalSection
	GlobalSection(ProjectConfigurationPlatforms) = postSolution
		{A9D45EA4-0724-4B2E-AA5D-EFB0ADC97EFD}.Debug|Any CPU.ActiveCfg = Debug|Any CPU
		{A9D45EA4-0724-4B2E-AA5D-EFB0ADC97EFD}.Debug|Any CPU.Build.0 = Debug|Any CPU
		{A9D45EA4-0724-4B2E-AA5D-EFB0ADC97EFD}.Release|Any CPU.ActiveCfg = Release|Any CPU
		{A9D45EA4-0724-4B2E-AA5D-EFB0ADC97EFD}.Release|Any CPU.Build.0 = Release|Any CPU
	EndGlobalSection
	GlobalSection(SolutionProperties) = preSolution
		HideSolutionNode = FALSE
	EndGlobalSection
	GlobalSection(ExtensibilityGlobals) = postSolution
		SolutionGuid = {3A4AD4E3-1604-448B-8F27-C7A44011BF2B}
	EndGlobalSection
EndGlobal
